{
  "name": "wx-mini-app",
  "version": "1.0.0",
  "lockfileVersion": 1,
  "requires": true,
  "dependencies": {
    "calendar": {
      "version": "0.1.1",
      "resolved": "https://registry.npmjs.org/calendar/-/calendar-0.1.1.tgz",
      "integrity": "sha512-CExn+MxSU1pCsjYiS+Cx8d1MtIZqezxRhpIu8odr1oqvYG/0C1m8lvehHxTl1FslgKbOD7Z5QuEcyk8sGgpZLQ=="
    },
    "killglobal": {
      "version": "1.0.1",
      "resolved": "https://registry.npmjs.org/killglobal/-/killglobal-1.0.1.tgz",
      "integrity": "sha512-6lpPZmplEZ/tLyQ/T8BHGmeq0rdsVp/1bIP5+0uLHv/+p0De3Z+4z0adN446K3QQmSF0TnTleczNOcEi2D3C9A=="
    }
  }
}
